
Microsoft Visual Studio Solution File, Format Version 12.00
# Visual Studio Version 16
VisualStudioVersion = 16.0.30104.148
MinimumVisualStudioVersion = 10.0.40219.1
Project("{FAE04EC0-301F-11D3-BF4B-00C04F79EFBC}") = "WeatherMsTest", "WeatherMsTest\WeatherMsTest.csproj", "{F64E411E-10E5-43FF-A0C2-1065007047E0}"
EndProject
Global
	GlobalSection(SolutionConfigurationPlatforms) = preSolution
		Debug|Any CPU = Debug|Any CPU
		Release|Any CPU = Release|Any CPU
	EndGlobalSection
	GlobalSection(ProjectConfigurationPlatforms) = postSolution
		{F64E411E-10E5-43FF-A0C2-1065007047E0}.Debug|Any CPU.ActiveCfg = Debug|Any CPU
		{F64E411E-10E5-43FF-A0C2-1065007047E0}.Debug|Any CPU.Build.0 = Debug|Any CPU
		{F64E411E-10E5-43FF-A0C2-1065007047E0}.Release|Any CPU.ActiveCfg = Release|Any CPU
		{F64E411E-10E5-43FF-A0C2-1065007047E0}.Release|Any CPU.Build.0 = Release|Any CPU
	EndGlobalSection
	GlobalSection(SolutionProperties) = preSolution
		HideSolutionNode = FALSE
	EndGlobalSection
	GlobalSection(ExtensibilityGlobals) = postSolution
		SolutionGuid = {51F4AE47-949A-4D39-812A-3C2B9427B665}
	EndGlobalSection
EndGlobal
